// !$*UTF8*$!
{
	archiveVersion = 1;
	classes = {
	};
	objectVersion = 46;
	objects = {

/* Begin PBXBuildFile section */
		032C0FAAD0698ABC3DD392F0 /* Pods_ConPanion.framework in Frameworks */ = {isa = PBXBuildFile; fileRef = EE6026CBCC0EA85847294B54 /* Pods_ConPanion.framework */; };
		245603C71CD1188700B0FC43 /* AppDelegate.swift in Sources */ = {isa = PBXBuildFile; fileRef = 245603C61CD1188700B0FC43 /* AppDelegate.swift */; };
		245603C91CD1188700B0FC43 /* TabBarViewController.swift in Sources */ = {isa = PBXBuildFile; fileRef = 245603C81CD1188700B0FC43 /* TabBarViewController.swift */; };
		245603CC1CD1188700B0FC43 /* Main.storyboard in Resources */ = {isa = PBXBuildFile; fileRef = 245603CA1CD1188700B0FC43 /* Main.storyboard */; };
		245603CF1CD1188700B0FC43 /* ConPanion.xcdatamodeld in Sources */ = {isa = PBXBuildFile; fileRef = 245603CD1CD1188700B0FC43 /* ConPanion.xcdatamodeld */; };
		245603D11CD1188700B0FC43 /* Assets.xcassets in Resources */ = {isa = PBXBuildFile; fileRef = 245603D01CD1188700B0FC43 /* Assets.xcassets */; };
		245603D41CD1188700B0FC43 /* LaunchScreen.storyboard in Resources */ = {isa = PBXBuildFile; fileRef = 245603D21CD1188700B0FC43 /* LaunchScreen.storyboard */; };
		245603DF1CD1188700B0FC43 /* ConPanionTests.swift in Sources */ = {isa = PBXBuildFile; fileRef = 245603DE1CD1188700B0FC43 /* ConPanionTests.swift */; };
		245603F01CD11B0D00B0FC43 /* NavigationController.swift in Sources */ = {isa = PBXBuildFile; fileRef = 245603EF1CD11B0D00B0FC43 /* NavigationController.swift */; };
		245603F31CD11C3E00B0FC43 /* DashboardNavigationController.swift in Sources */ = {isa = PBXBuildFile; fileRef = 245603F21CD11C3E00B0FC43 /* DashboardNavigationController.swift */; };
		245603F51CD11C5900B0FC43 /* DashboardViewController.swift in Sources */ = {isa = PBXBuildFile; fileRef = 245603F41CD11C5900B0FC43 /* DashboardViewController.swift */; };
		245603F71CD11D2700B0FC43 /* Dashboard.storyboard in Resources */ = {isa = PBXBuildFile; fileRef = 245603F61CD11D2700B0FC43 /* Dashboard.storyboard */; };
		245603F91CD11EED00B0FC43 /* Colors.swift in Sources */ = {isa = PBXBuildFile; fileRef = 245603F81CD11EED00B0FC43 /* Colors.swift */; };
		245603FB1CD1304B00B0FC43 /* EventTableViewCell.swift in Sources */ = {isa = PBXBuildFile; fileRef = 245603FA1CD1304B00B0FC43 /* EventTableViewCell.swift */; };
		245603FE1CD1366900B0FC43 /* Event+CoreDataProperties.swift in Sources */ = {isa = PBXBuildFile; fileRef = 245603FC1CD1366900B0FC43 /* Event+CoreDataProperties.swift */; };
		245603FF1CD1366900B0FC43 /* Event.swift in Sources */ = {isa = PBXBuildFile; fileRef = 245603FD1CD1366900B0FC43 /* Event.swift */; };
		245604011CD2753E00B0FC43 /* EventDetailViewController.swift in Sources */ = {isa = PBXBuildFile; fileRef = 245604001CD2753E00B0FC43 /* EventDetailViewController.swift */; };
		24B959451CD3F7130074B673 /* LoginViewController.swift in Sources */ = {isa = PBXBuildFile; fileRef = 24B959441CD3F7130074B673 /* LoginViewController.swift */; };
		24B959471CD4048A0074B673 /* SettingsNavigationController.swift in Sources */ = {isa = PBXBuildFile; fileRef = 24B959461CD4048A0074B673 /* SettingsNavigationController.swift */; };
		24B959491CD404A80074B673 /* Settings.storyboard in Resources */ = {isa = PBXBuildFile; fileRef = 24B959481CD404A80074B673 /* Settings.storyboard */; };
		24B9594B1CD404DF0074B673 /* SettingsViewController.swift in Sources */ = {isa = PBXBuildFile; fileRef = 24B9594A1CD404DF0074B673 /* SettingsViewController.swift */; };
		24B9594E1CD428C00074B673 /* DataService.swift in Sources */ = {isa = PBXBuildFile; fileRef = 24B9594D1CD428C00074B673 /* DataService.swift */; };
		AFDB95B7379369DD6AF1216D /* Pods_ConPanionTests.framework in Frameworks */ = {isa = PBXBuildFile; fileRef = A414A0C856DACA1DF0AA55CD /* Pods_ConPanionTests.framework */; };
/* End PBXBuildFile section */

/* Begin PBXContainerItemProxy section */
		245603DB1CD1188700B0FC43 /* PBXContainerItemProxy */ = {
			isa = PBXContainerItemProxy;
			containerPortal = 245603BB1CD1188700B0FC43 /* Project object */;
			proxyType = 1;
			remoteGlobalIDString = 245603C21CD1188700B0FC43;
			remoteInfo = ConPanion;
		};
/* End PBXContainerItemProxy section */

/* Begin PBXFileReference section */
		00A6678D8B3CDFB49E0C8D3A /* Pods-ConPanionTests.release.xcconfig */ = {isa = PBXFileReference; includeInIndex = 1; lastKnownFileType = text.xcconfig; name = "Pods-ConPanionTests.release.xcconfig"; path = "Pods/Target Support Files/Pods-ConPanionTests/Pods-ConPanionTests.release.xcconfig"; sourceTree = "<group>"; };
		0ACB84F8A202C7A503C23478 /* Pods-ConPanion.release.xcconfig */ = {isa = PBXFileReference; includeInIndex = 1; lastKnownFileType = text.xcconfig; name = "Pods-ConPanion.release.xcconfig"; path = "Pods/Target Support Files/Pods-ConPanion/Pods-ConPanion.release.xcconfig"; sourceTree = "<group>"; };
		245603C31CD1188700B0FC43 /* ConPanion.app */ = {isa = PBXFileReference; explicitFileType = wrapper.application; includeInIndex = 0; path = ConPanion.app; sourceTree = BUILT_PRODUCTS_DIR; };
		245603C61CD1188700B0FC43 /* AppDelegate.swift */ = {isa = PBXFileReference; lastKnownFileType = sourcecode.swift; path = AppDelegate.swift; sourceTree = "<group>"; };
		245603C81CD1188700B0FC43 /* TabBarViewController.swift */ = {isa = PBXFileReference; lastKnownFileType = sourcecode.swift; path = TabBarViewController.swift; sourceTree = "<group>"; };
		245603CB1CD1188700B0FC43 /* Base */ = {isa = PBXFileReference; lastKnownFileType = file.storyboard; name = Base; path = Base.lproj/Main.storyboard; sourceTree = "<group>"; };
		245603CE1CD1188700B0FC43 /* ConPanion.xcdatamodel */ = {isa = PBXFileReference; lastKnownFileType = wrapper.xcdatamodel; path = ConPanion.xcdatamodel; sourceTree = "<group>"; };
		245603D01CD1188700B0FC43 /* Assets.xcassets */ = {isa = PBXFileReference; lastKnownFileType = folder.assetcatalog; path = Assets.xcassets; sourceTree = "<group>"; };
		245603D31CD1188700B0FC43 /* Base */ = {isa = PBXFileReference; lastKnownFileType = file.storyboard; name = Base; path = Base.lproj/LaunchScreen.storyboard; sourceTree = "<group>"; };
		245603D51CD1188700B0FC43 /* Info.plist */ = {isa = PBXFileReference; lastKnownFileType = text.plist.xml; path = Info.plist; sourceTree = "<group>"; };
		245603DA1CD1188700B0FC43 /* ConPanionTests.xctest */ = {isa = PBXFileReference; explicitFileType = wrapper.cfbundle; includeInIndex = 0; path = ConPanionTests.xctest; sourceTree = BUILT_PRODUCTS_DIR; };
		245603DE1CD1188700B0FC43 /* ConPanionTests.swift */ = {isa = PBXFileReference; lastKnownFileType = sourcecode.swift; path = ConPanionTests.swift; sourceTree = "<group>"; };
		245603E01CD1188700B0FC43 /* Info.plist */ = {isa = PBXFileReference; lastKnownFileType = text.plist.xml; path = Info.plist; sourceTree = "<group>"; };
		245603EF1CD11B0D00B0FC43 /* NavigationController.swift */ = {isa = PBXFileReference; fileEncoding = 4; lastKnownFileType = sourcecode.swift; path = NavigationController.swift; sourceTree = "<group>"; };
		245603F21CD11C3E00B0FC43 /* DashboardNavigationController.swift */ = {isa = PBXFileReference; fileEncoding = 4; lastKnownFileType = sourcecode.swift; path = DashboardNavigationController.swift; sourceTree = "<group>"; };
		245603F41CD11C5900B0FC43 /* DashboardViewController.swift */ = {isa = PBXFileReference; fileEncoding = 4; lastKnownFileType = sourcecode.swift; path = DashboardViewController.swift; sourceTree = "<group>"; };
		245603F61CD11D2700B0FC43 /* Dashboard.storyboard */ = {isa = PBXFileReference; fileEncoding = 4; lastKnownFileType = file.storyboard; path = Dashboard.storyboard; sourceTree = "<group>"; };
		245603F81CD11EED00B0FC43 /* Colors.swift */ = {isa = PBXFileReference; fileEncoding = 4; lastKnownFileType = sourcecode.swift; path = Colors.swift; sourceTree = "<group>"; };
		245603FA1CD1304B00B0FC43 /* EventTableViewCell.swift */ = {isa = PBXFileReference; fileEncoding = 4; lastKnownFileType = sourcecode.swift; path = EventTableViewCell.swift; sourceTree = "<group>"; };
		245603FC1CD1366900B0FC43 /* Event+CoreDataProperties.swift */ = {isa = PBXFileReference; fileEncoding = 4; lastKnownFileType = sourcecode.swift; name = "Event+CoreDataProperties.swift"; path = "../Event+CoreDataProperties.swift"; sourceTree = "<group>"; };
		245603FD1CD1366900B0FC43 /* Event.swift */ = {isa = PBXFileReference; fileEncoding = 4; lastKnownFileType = sourcecode.swift; name = Event.swift; path = ../Event.swift; sourceTree = "<group>"; };
		245604001CD2753E00B0FC43 /* EventDetailViewController.swift */ = {isa = PBXFileReference; fileEncoding = 4; lastKnownFileType = sourcecode.swift; path = EventDetailViewController.swift; sourceTree = "<group>"; };
		248C5C9F5D6BC543A027C3B6 /* Pods-ConPanion.debug.xcconfig */ = {isa = PBXFileReference; includeInIndex = 1; lastKnownFileType = text.xcconfig; name = "Pods-ConPanion.debug.xcconfig"; path = "Pods/Target Support Files/Pods-ConPanion/Pods-ConPanion.debug.xcconfig"; sourceTree = "<group>"; };
		24B959441CD3F7130074B673 /* LoginViewController.swift */ = {isa = PBXFileReference; fileEncoding = 4; lastKnownFileType = sourcecode.swift; path = LoginViewController.swift; sourceTree = "<group>"; };
		24B959461CD4048A0074B673 /* SettingsNavigationController.swift */ = {isa = PBXFileReference; fileEncoding = 4; lastKnownFileType = sourcecode.swift; path = SettingsNavigationController.swift; sourceTree = "<group>"; };
		24B959481CD404A80074B673 /* Settings.storyboard */ = {isa = PBXFileReference; fileEncoding = 4; lastKnownFileType = file.storyboard; path = Settings.storyboard; sourceTree = "<group>"; };
		24B9594A1CD404DF0074B673 /* SettingsViewController.swift */ = {isa = PBXFileReference; fileEncoding = 4; lastKnownFileType = sourcecode.swift; path = SettingsViewController.swift; sourceTree = "<group>"; };
		24B9594D1CD428C00074B673 /* DataService.swift */ = {isa = PBXFileReference; fileEncoding = 4; lastKnownFileType = sourcecode.swift; path = DataService.swift; sourceTree = "<group>"; };
		2D5CF687E96A9ACA12B8F48B /* Pods-ConPanionTests.debug.xcconfig */ = {isa = PBXFileReference; includeInIndex = 1; lastKnownFileType = text.xcconfig; name = "Pods-ConPanionTests.debug.xcconfig"; path = "Pods/Target Support Files/Pods-ConPanionTests/Pods-ConPanionTests.debug.xcconfig"; sourceTree = "<group>"; };
		A414A0C856DACA1DF0AA55CD /* Pods_ConPanionTests.framework */ = {isa = PBXFileReference; explicitFileType = wrapper.framework; includeInIndex = 0; path = Pods_ConPanionTests.framework; sourceTree = BUILT_PRODUCTS_DIR; };
		EE6026CBCC0EA85847294B54 /* Pods_ConPanion.framework */ = {isa = PBXFileReference; explicitFileType = wrapper.framework; includeInIndex = 0; path = Pods_ConPanion.framework; sourceTree = BUILT_PRODUCTS_DIR; };
/* End PBXFileReference section */

/* Begin PBXFrameworksBuildPhase section */
		245603C01CD1188700B0FC43 /* Frameworks */ = {
			isa = PBXFrameworksBuildPhase;
			buildActionMask = 2147483647;
			files = (
				032C0FAAD0698ABC3DD392F0 /* Pods_ConPanion.framework in Frameworks */,
			);
			runOnlyForDeploymentPostprocessing = 0;
		};
		245603D71CD1188700B0FC43 /* Frameworks */ = {
			isa = PBXFrameworksBuildPhase;
			buildActionMask = 2147483647;
			files = (
				AFDB95B7379369DD6AF1216D /* Pods_ConPanionTests.framework in Frameworks */,
			);
			runOnlyForDeploymentPostprocessing = 0;
		};
/* End PBXFrameworksBuildPhase section */

/* Begin PBXGroup section */
		245603BA1CD1188700B0FC43 = {
			isa = PBXGroup;
			children = (
				245603C51CD1188700B0FC43 /* ConPanion */,
				245603DD1CD1188700B0FC43 /* ConPanionTests */,
				245603C41CD1188700B0FC43 /* Products */,
				997857052DBCB6ADE4F63321 /* Pods */,
				3928239C71EE54DA4CF5129E /* Frameworks */,
			);
			sourceTree = "<group>";
		};
		245603C41CD1188700B0FC43 /* Products */ = {
			isa = PBXGroup;
			children = (
				245603C31CD1188700B0FC43 /* ConPanion.app */,
				245603DA1CD1188700B0FC43 /* ConPanionTests.xctest */,
			);
			name = Products;
			sourceTree = "<group>";
		};
		245603C51CD1188700B0FC43 /* ConPanion */ = {
			isa = PBXGroup;
			children = (
				245603F11CD11B1200B0FC43 /* Common */,
				245603EC1CD11AAD00B0FC43 /* Dashboard */,
				245603EA1CD11A8E00B0FC43 /* Entity */,
				245603EB1CD11AA200B0FC43 /* Main */,
				245603ED1CD11AB700B0FC43 /* MyConcerts */,
				245603EE1CD11ABE00B0FC43 /* Settings */,
				245603E91CD11A7800B0FC43 /* Supporting Files */,
			);
			path = ConPanion;
			sourceTree = "<group>";
		};
		245603DD1CD1188700B0FC43 /* ConPanionTests */ = {
			isa = PBXGroup;
			children = (
				245603DE1CD1188700B0FC43 /* ConPanionTests.swift */,
				245603E01CD1188700B0FC43 /* Info.plist */,
			);
			path = ConPanionTests;
			sourceTree = "<group>";
		};
		245603E91CD11A7800B0FC43 /* Supporting Files */ = {
			isa = PBXGroup;
			children = (
				245603C61CD1188700B0FC43 /* AppDelegate.swift */,
				245603D21CD1188700B0FC43 /* LaunchScreen.storyboard */,
				245603D51CD1188700B0FC43 /* Info.plist */,
				245603D01CD1188700B0FC43 /* Assets.xcassets */,
			);
			name = "Supporting Files";
			sourceTree = "<group>";
		};
		245603EA1CD11A8E00B0FC43 /* Entity */ = {
			isa = PBXGroup;
			children = (
				24B9594C1CD428B20074B673 /* FirebaseData */,
				245603FC1CD1366900B0FC43 /* Event+CoreDataProperties.swift */,
				245603FD1CD1366900B0FC43 /* Event.swift */,
				245603CD1CD1188700B0FC43 /* ConPanion.xcdatamodeld */,
			);
			name = Entity;
			sourceTree = "<group>";
		};
		245603EB1CD11AA200B0FC43 /* Main */ = {
			isa = PBXGroup;
			children = (
				245603C81CD1188700B0FC43 /* TabBarViewController.swift */,
				245603CA1CD1188700B0FC43 /* Main.storyboard */,
				24B959441CD3F7130074B673 /* LoginViewController.swift */,
			);
			name = Main;
			sourceTree = "<group>";
		};
		245603EC1CD11AAD00B0FC43 /* Dashboard */ = {
			isa = PBXGroup;
			children = (
				245603F21CD11C3E00B0FC43 /* DashboardNavigationController.swift */,
				245603F41CD11C5900B0FC43 /* DashboardViewController.swift */,
				245603F61CD11D2700B0FC43 /* Dashboard.storyboard */,
				245603FA1CD1304B00B0FC43 /* EventTableViewCell.swift */,
				245604001CD2753E00B0FC43 /* EventDetailViewController.swift */,
			);
			name = Dashboard;
			sourceTree = "<group>";
		};
		245603ED1CD11AB700B0FC43 /* MyConcerts */ = {
			isa = PBXGroup;
			children = (
			);
			name = MyConcerts;
			sourceTree = "<group>";
		};
		245603EE1CD11ABE00B0FC43 /* Settings */ = {
			isa = PBXGroup;
			children = (
				24B959461CD4048A0074B673 /* SettingsNavigationController.swift */,
				24B959481CD404A80074B673 /* Settings.storyboard */,
				24B9594A1CD404DF0074B673 /* SettingsViewController.swift */,
			);
			name = Settings;
			sourceTree = "<group>";
		};
		245603F11CD11B1200B0FC43 /* Common */ = {
			isa = PBXGroup;
			children = (
				245603EF1CD11B0D00B0FC43 /* NavigationController.swift */,
				245603F81CD11EED00B0FC43 /* Colors.swift */,
			);
			name = Common;
			sourceTree = "<group>";
		};
		24B9594C1CD428B20074B673 /* FirebaseData */ = {
			isa = PBXGroup;
			children = (
				24B9594D1CD428C00074B673 /* DataService.swift */,
			);
			name = FirebaseData;
			sourceTree = "<group>";
		};
		3928239C71EE54DA4CF5129E /* Frameworks */ = {
			isa = PBXGroup;
			children = (
				EE6026CBCC0EA85847294B54 /* Pods_ConPanion.framework */,
				A414A0C856DACA1DF0AA55CD /* Pods_ConPanionTests.framework */,
			);
			name = Frameworks;
			sourceTree = "<group>";
		};
		997857052DBCB6ADE4F63321 /* Pods */ = {
			isa = PBXGroup;
			children = (
				248C5C9F5D6BC543A027C3B6 /* Pods-ConPanion.debug.xcconfig */,
				0ACB84F8A202C7A503C23478 /* Pods-ConPanion.release.xcconfig */,
				2D5CF687E96A9ACA12B8F48B /* Pods-ConPanionTests.debug.xcconfig */,
				00A6678D8B3CDFB49E0C8D3A /* Pods-ConPanionTests.release.xcconfig */,
			);
			name = Pods;
			sourceTree = "<group>";
		};
/* End PBXGroup section */

/* Begin PBXNativeTarget section */
		245603C21CD1188700B0FC43 /* ConPanion */ = {
			isa = PBXNativeTarget;
			buildConfigurationList = 245603E31CD1188700B0FC43 /* Build configuration list for PBXNativeTarget "ConPanion" */;
			buildPhases = (
				E0F5879BC115BD616FF3446E /* 📦 Check Pods Manifest.lock */,
				245603BF1CD1188700B0FC43 /* Sources */,
				245603C01CD1188700B0FC43 /* Frameworks */,
				245603C11CD1188700B0FC43 /* Resources */,
				12E1A0326B26453D62707F27 /* 📦 Embed Pods Frameworks */,
				3CC1F0143E038581A700EF6C /* 📦 Copy Pods Resources */,
			);
			buildRules = (
			);
			dependencies = (
			);
			name = ConPanion;
			productName = ConPanion;
			productReference = 245603C31CD1188700B0FC43 /* ConPanion.app */;
			productType = "com.apple.product-type.application";
		};
		245603D91CD1188700B0FC43 /* ConPanionTests */ = {
			isa = PBXNativeTarget;
			buildConfigurationList = 245603E61CD1188700B0FC43 /* Build configuration list for PBXNativeTarget "ConPanionTests" */;
			buildPhases = (
				2FBAB65FEEE04776CEE27BA6 /* 📦 Check Pods Manifest.lock */,
				245603D61CD1188700B0FC43 /* Sources */,
				245603D71CD1188700B0FC43 /* Frameworks */,
				245603D81CD1188700B0FC43 /* Resources */,
				C4074DB122BE3E3B050BE809 /* 📦 Embed Pods Frameworks */,
				59D1F2EFB946F19300EEB705 /* 📦 Copy Pods Resources */,
			);
			buildRules = (
			);
			dependencies = (
				245603DC1CD1188700B0FC43 /* PBXTargetDependency */,
			);
			name = ConPanionTests;
			productName = ConPanionTests;
			productReference = 245603DA1CD1188700B0FC43 /* ConPanionTests.xctest */;
			productType = "com.apple.product-type.bundle.unit-test";
		};
/* End PBXNativeTarget section */

/* Begin PBXProject section */
		245603BB1CD1188700B0FC43 /* Project object */ = {
			isa = PBXProject;
			attributes = {
				LastSwiftUpdateCheck = 0730;
				LastUpgradeCheck = 0730;
				ORGANIZATIONNAME = "Sally Pang";
				TargetAttributes = {
					245603C21CD1188700B0FC43 = {
						CreatedOnToolsVersion = 7.3;
					};
					245603D91CD1188700B0FC43 = {
						CreatedOnToolsVersion = 7.3;
						TestTargetID = 245603C21CD1188700B0FC43;
					};
				};
			};
			buildConfigurationList = 245603BE1CD1188700B0FC43 /* Build configuration list for PBXProject "ConPanion" */;
			compatibilityVersion = "Xcode 3.2";
			developmentRegion = English;
			hasScannedForEncodings = 0;
			knownRegions = (
				en,
				Base,
			);
			mainGroup = 245603BA1CD1188700B0FC43;
			productRefGroup = 245603C41CD1188700B0FC43 /* Products */;
			projectDirPath = "";
			projectRoot = "";
			targets = (
				245603C21CD1188700B0FC43 /* ConPanion */,
				245603D91CD1188700B0FC43 /* ConPanionTests */,
			);
		};
/* End PBXProject section */

/* Begin PBXResourcesBuildPhase section */
		245603C11CD1188700B0FC43 /* Resources */ = {
			isa = PBXResourcesBuildPhase;
			buildActionMask = 2147483647;
			files = (
				245603D41CD1188700B0FC43 /* LaunchScreen.storyboard in Resources */,
				245603F71CD11D2700B0FC43 /* Dashboard.storyboard in Resources */,
				245603D11CD1188700B0FC43 /* Assets.xcassets in Resources */,
				245603CC1CD1188700B0FC43 /* Main.storyboard in Resources */,
				24B959491CD404A80074B673 /* Settings.storyboard in Resources */,
			);
			runOnlyForDeploymentPostprocessing = 0;
		};
		245603D81CD1188700B0FC43 /* Resources */ = {
			isa = PBXResourcesBuildPhase;
			buildActionMask = 2147483647;
			files = (
			);
			runOnlyForDeploymentPostprocessing = 0;
		};
/* End PBXResourcesBuildPhase section */

/* Begin PBXShellScriptBuildPhase section */
		12E1A0326B26453D62707F27 /* 📦 Embed Pods Frameworks */ = {
			isa = PBXShellScriptBuildPhase;
			buildActionMask = 2147483647;
			files = (
			);
			inputPaths = (
			);
			name = "📦 Embed Pods Frameworks";
			outputPaths = (
			);
			runOnlyForDeploymentPostprocessing = 0;
			shellPath = /bin/sh;
			shellScript = "\"${SRCROOT}/Pods/Target Support Files/Pods-ConPanion/Pods-ConPanion-frameworks.sh\"\n";
			showEnvVarsInLog = 0;
		};
		2FBAB65FEEE04776CEE27BA6 /* 📦 Check Pods Manifest.lock */ = {
			isa = PBXShellScriptBuildPhase;
			buildActionMask = 2147483647;
			files = (
			);
			inputPaths = (
			);
			name = "📦 Check Pods Manifest.lock";
			outputPaths = (
			);
			runOnlyForDeploymentPostprocessing = 0;
			shellPath = /bin/sh;
			shellScript = "diff \"${PODS_ROOT}/../Podfile.lock\" \"${PODS_ROOT}/Manifest.lock\" > /dev/null\nif [[ $? != 0 ]] ; then\n    cat << EOM\nerror: The sandbox is not in sync with the Podfile.lock. Run 'pod install' or update your CocoaPods installation.\nEOM\n    exit 1\nfi\n";
			showEnvVarsInLog = 0;
		};
		3CC1F0143E038581A700EF6C /* 📦 Copy Pods Resources */ = {
			isa = PBXShellScriptBuildPhase;
			buildActionMask = 2147483647;
			files = (
			);
			inputPaths = (
			);
			name = "📦 Copy Pods Resources";
			outputPaths = (
			);
			runOnlyForDeploymentPostprocessing = 0;
			shellPath = /bin/sh;
			shellScript = "\"${SRCROOT}/Pods/Target Support Files/Pods-ConPanion/Pods-ConPanion-resources.sh\"\n";
			showEnvVarsInLog = 0;
		};
		59D1F2EFB946F19300EEB705 /* 📦 Copy Pods Resources */ = {
			isa = PBXShellScriptBuildPhase;
			buildActionMask = 2147483647;
			files = (
			);
			inputPaths = (
			);
			name = "📦 Copy Pods Resources";
			outputPaths = (
			);
			runOnlyForDeploymentPostprocessing = 0;
			shellPath = /bin/sh;
			shellScript = "\"${SRCROOT}/Pods/Target Support Files/Pods-ConPanionTests/Pods-ConPanionTests-resources.sh\"\n";
			showEnvVarsInLog = 0;
		};
		C4074DB122BE3E3B050BE809 /* 📦 Embed Pods Frameworks */ = {
			isa = PBXShellScriptBuildPhase;
			buildActionMask = 2147483647;
			files = (
			);
			inputPaths = (
			);
			name = "📦 Embed Pods Frameworks";
			outputPaths = (
			);
			runOnlyForDeploymentPostprocessing = 0;
			shellPath = /bin/sh;
			shellScript = "\"${SRCROOT}/Pods/Target Support Files/Pods-ConPanionTests/Pods-ConPanionTests-frameworks.sh\"\n";
			showEnvVarsInLog = 0;
		};
		E0F5879BC115BD616FF3446E /* 📦 Check Pods Manifest.lock */ = {
			isa = PBXShellScriptBuildPhase;
			buildActionMask = 2147483647;
			files = (
			);
			inputPaths = (
			);
			name = "📦 Check Pods Manifest.lock";
			outputPaths = (
			);
			runOnlyForDeploymentPostprocessing = 0;
			shellPath = /bin/sh;
			shellScript = "diff \"${PODS_ROOT}/../Podfile.lock\" \"${PODS_ROOT}/Manifest.lock\" > /dev/null\nif [[ $? != 0 ]] ; then\n    cat << EOM\nerror: The sandbox is not in sync with the Podfile.lock. Run 'pod install' or update your CocoaPods installation.\nEOM\n    exit 1\nfi\n";
			showEnvVarsInLog = 0;
		};
/* End PBXShellScriptBuildPhase section */

/* Begin PBXSourcesBuildPhase section */
		245603BF1CD1188700B0FC43 /* Sources */ = {
			isa = PBXSourcesBuildPhase;
			buildActionMask = 2147483647;
			files = (
				24B959471CD4048A0074B673 /* SettingsNavigationController.swift in Sources */,
				24B959451CD3F7130074B673 /* LoginViewController.swift in Sources */,
				245603FE1CD1366900B0FC43 /* Event+CoreDataProperties.swift in Sources */,
				245603FB1CD1304B00B0FC43 /* EventTableViewCell.swift in Sources */,
				245603F31CD11C3E00B0FC43 /* DashboardNavigationController.swift in Sources */,
				245603F51CD11C5900B0FC43 /* DashboardViewController.swift in Sources */,
				245603FF1CD1366900B0FC43 /* Event.swift in Sources */,
				245603C91CD1188700B0FC43 /* TabBarViewController.swift in Sources */,
				245603F91CD11EED00B0FC43 /* Colors.swift in Sources */,
				24B9594E1CD428C00074B673 /* DataService.swift in Sources */,
				24B9594B1CD404DF0074B673 /* SettingsViewController.swift in Sources */,
				245603F01CD11B0D00B0FC43 /* NavigationController.swift in Sources */,
				245603CF1CD1188700B0FC43 /* ConPanion.xcdatamodeld in Sources */,
				245604011CD2753E00B0FC43 /* EventDetailViewController.swift in Sources */,
				245603C71CD1188700B0FC43 /* AppDelegate.swift in Sources */,
			);
			runOnlyForDeploymentPostprocessing = 0;
		};
		245603D61CD1188700B0FC43 /* Sources */ = {
			isa = PBXSourcesBuildPhase;
			buildActionMask = 2147483647;
			files = (
				245603DF1CD1188700B0FC43 /* ConPanionTests.swift in Sources */,
			);
			runOnlyForDeploymentPostprocessing = 0;
		};
/* End PBXSourcesBuildPhase section */

/* Begin PBXTargetDependency section */
		245603DC1CD1188700B0FC43 /* PBXTargetDependency */ = {
			isa = PBXTargetDependency;
			target = 245603C21CD1188700B0FC43 /* ConPanion */;
			targetProxy = 245603DB1CD1188700B0FC43 /* PBXContainerItemProxy */;
		};
/* End PBXTargetDependency section */

/* Begin PBXVariantGroup section */
		245603CA1CD1188700B0FC43 /* Main.storyboard */ = {
			isa = PBXVariantGroup;
			children = (
				245603CB1CD1188700B0FC43 /* Base */,
			);
			name = Main.storyboard;
			sourceTree = "<group>";
		};
		245603D21CD1188700B0FC43 /* LaunchScreen.storyboard */ = {
			isa = PBXVariantGroup;
			children = (
				245603D31CD1188700B0FC43 /* Base */,
			);
			name = LaunchScreen.storyboard;
			sourceTree = "<group>";
		};
/* End PBXVariantGroup section */

/* Begin XCBuildConfiguration section */
		245603E11CD1188700B0FC43 /* Debug */ = {
			isa = XCBuildConfiguration;
			buildSettings = {
				ALWAYS_SEARCH_USER_PATHS = NO;
				CLANG_ANALYZER_NONNULL = YES;
				CLANG_CXX_LANGUAGE_STANDARD = "gnu++0x";
				CLANG_CXX_LIBRARY = "libc++";
				CLANG_ENABLE_MODULES = YES;
				CLANG_ENABLE_OBJC_ARC = YES;
				CLANG_WARN_BOOL_CONVERSION = YES;
				CLANG_WARN_CONSTANT_CONVERSION = YES;
				CLANG_WARN_DIRECT_OBJC_ISA_USAGE = YES_ERROR;
				CLANG_WARN_EMPTY_BODY = YES;
				CLANG_WARN_ENUM_CONVERSION = YES;
				CLANG_WARN_INT_CONVERSION = YES;
				CLANG_WARN_OBJC_ROOT_CLASS = YES_ERROR;
				CLANG_WARN_UNREACHABLE_CODE = YES;
				CLANG_WARN__DUPLICATE_METHOD_MATCH = YES;
				"CODE_SIGN_IDENTITY[sdk=iphoneos*]" = "iPhone Developer";
				COPY_PHASE_STRIP = NO;
				DEBUG_INFORMATION_FORMAT = dwarf;
				ENABLE_STRICT_OBJC_MSGSEND = YES;
				ENABLE_TESTABILITY = YES;
				GCC_C_LANGUAGE_STANDARD = gnu99;
				GCC_DYNAMIC_NO_PIC = NO;
				GCC_NO_COMMON_BLOCKS = YES;
				GCC_OPTIMIZATION_LEVEL = 0;
				GCC_PREPROCESSOR_DEFINITIONS = (
					"DEBUG=1",
					"$(inherited)",
				);
				GCC_WARN_64_TO_32_BIT_CONVERSION = YES;
				GCC_WARN_ABOUT_RETURN_TYPE = YES_ERROR;
				GCC_WARN_UNDECLARED_SELECTOR = YES;
				GCC_WARN_UNINITIALIZED_AUTOS = YES_AGGRESSIVE;
				GCC_WARN_UNUSED_FUNCTION = YES;
				GCC_WARN_UNUSED_VARIABLE = YES;
				IPHONEOS_DEPLOYMENT_TARGET = 9.3;
				MTL_ENABLE_DEBUG_INFO = YES;
				ONLY_ACTIVE_ARCH = YES;
				SDKROOT = iphoneos;
				SWIFT_OPTIMIZATION_LEVEL = "-Onone";
				TARGETED_DEVICE_FAMILY = "1,2";
			};
			name = Debug;
		};
		245603E21CD1188700B0FC43 /* Release */ = {
			isa = XCBuildConfiguration;
			buildSettings = {
				ALWAYS_SEARCH_USER_PATHS = NO;
				CLANG_ANALYZER_NONNULL = YES;
				CLANG_CXX_LANGUAGE_STANDARD = "gnu++0x";
				CLANG_CXX_LIBRARY = "libc++";
				CLANG_ENABLE_MODULES = YES;
				CLANG_ENABLE_OBJC_ARC = YES;
				CLANG_WARN_BOOL_CONVERSION = YES;
				CLANG_WARN_CONSTANT_CONVERSION = YES;
				CLANG_WARN_DIRECT_OBJC_ISA_USAGE = YES_ERROR;
				CLANG_WARN_EMPTY_BODY = YES;
				CLANG_WARN_ENUM_CONVERSION = YES;
				CLANG_WARN_INT_CONVERSION = YES;
				CLANG_WARN_OBJC_ROOT_CLASS = YES_ERROR;
				CLANG_WARN_UNREACHABLE_CODE = YES;
				CLANG_WARN__DUPLICATE_METHOD_MATCH = YES;
				"CODE_SIGN_IDENTITY[sdk=iphoneos*]" = "iPhone Developer";
				COPY_PHASE_STRIP = NO;
				DEBUG_INFORMATION_FORMAT = "dwarf-with-dsym";
				ENABLE_NS_ASSERTIONS = NO;
				ENABLE_STRICT_OBJC_MSGSEND = YES;
				GCC_C_LANGUAGE_STANDARD = gnu99;
				GCC_NO_COMMON_BLOCKS = YES;
				GCC_WARN_64_TO_32_BIT_CONVERSION = YES;
				GCC_WARN_ABOUT_RETURN_TYPE = YES_ERROR;
				GCC_WARN_UNDECLARED_SELECTOR = YES;
				GCC_WARN_UNINITIALIZED_AUTOS = YES_AGGRESSIVE;
				GCC_WARN_UNUSED_FUNCTION = YES;
				GCC_WARN_UNUSED_VARIABLE = YES;
				IPHONEOS_DEPLOYMENT_TARGET = 9.3;
				MTL_ENABLE_DEBUG_INFO = NO;
				SDKROOT = iphoneos;
				TARGETED_DEVICE_FAMILY = "1,2";
				VALIDATE_PRODUCT = YES;
			};
			name = Release;
		};
		245603E41CD1188700B0FC43 /* Debug */ = {
			isa = XCBuildConfiguration;
			baseConfigurationReference = 248C5C9F5D6BC543A027C3B6 /* Pods-ConPanion.debug.xcconfig */;
			buildSettings = {
				ASSETCATALOG_COMPILER_APPICON_NAME = AppIcon;
				INFOPLIST_FILE = ConPanion/Info.plist;
				LD_RUNPATH_SEARCH_PATHS = "$(inherited) @executable_path/Frameworks";
				PRODUCT_BUNDLE_IDENTIFIER = pangsally.com.ConPanion;
				PRODUCT_NAME = "$(TARGET_NAME)";
			};
			name = Debug;
		};
		245603E51CD1188700B0FC43 /* Release */ = {
			isa = XCBuildConfiguration;
			baseConfigurationReference = 0ACB84F8A202C7A503C23478 /* Pods-ConPanion.release.xcconfig */;
			buildSettings = {
				ASSETCATALOG_COMPILER_APPICON_NAME = AppIcon;
				INFOPLIST_FILE = ConPanion/Info.plist;
				LD_RUNPATH_SEARCH_PATHS = "$(inherited) @executable_path/Frameworks";
				PRODUCT_BUNDLE_IDENTIFIER = pangsally.com.ConPanion;
				PRODUCT_NAME = "$(TARGET_NAME)";
			};
			name = Release;
		};
		245603E71CD1188700B0FC43 /* Debug */ = {
			isa = XCBuildConfiguration;
			baseConfigurationReference = 2D5CF687E96A9ACA12B8F48B /* Pods-ConPanionTests.debug.xcconfig */;
			buildSettings = {
				BUNDLE_LOADER = "$(TEST_HOST)";
				INFOPLIST_FILE = ConPanionTests/Info.plist;
				LD_RUNPATH_SEARCH_PATHS = "$(inherited) @executable_path/Frameworks @loader_path/Frameworks";
				PRODUCT_BUNDLE_IDENTIFIER = pangsally.com.ConPanionTests;
				PRODUCT_NAME = "$(TARGET_NAME)";
				TEST_HOST = "$(BUILT_PRODUCTS_DIR)/ConPanion.app/ConPanion";
			};
			name = Debug;
		};
		245603E81CD1188700B0FC43 /* Release */ = {
			isa = XCBuildConfiguration;
			baseConfigurationReference = 00A6678D8B3CDFB49E0C8D3A /* Pods-ConPanionTests.release.xcconfig */;
			buildSettings = {
				BUNDLE_LOADER = "$(TEST_HOST)";
				INFOPLIST_FILE = ConPanionTests/Info.plist;
				LD_RUNPATH_SEARCH_PATHS = "$(inherited) @executable_path/Frameworks @loader_path/Frameworks";
				PRODUCT_BUNDLE_IDENTIFIER = pangsally.com.ConPanionTests;
				PRODUCT_NAME = "$(TARGET_NAME)";
				TEST_HOST = "$(BUILT_PRODUCTS_DIR)/ConPanion.app/ConPanion";
			};
			name = Release;
		};
/* End XCBuildConfiguration section */

/* Begin XCConfigurationList section */
		245603BE1CD1188700B0FC43 /* Build configuration list for PBXProject "ConPanion" */ = {
			isa = XCConfigurationList;
			buildConfigurations = (
				245603E11CD1188700B0FC43 /* Debug */,
				245603E21CD1188700B0FC43 /* Release */,
			);
			defaultConfigurationIsVisible = 0;
			defaultConfigurationName = Release;
		};
		245603E31CD1188700B0FC43 /* Build configuration list for PBXNativeTarget "ConPanion" */ = {
			isa = XCConfigurationList;
			buildConfigurations = (
				245603E41CD1188700B0FC43 /* Debug */,
				245603E51CD1188700B0FC43 /* Release */,
			);
			defaultConfigurationIsVisible = 0;
			defaultConfigurationName = Release;
		};
		245603E61CD1188700B0FC43 /* Build configuration list for PBXNativeTarget "ConPanionTests" */ = {
			isa = XCConfigurationList;
			buildConfigurations = (
				245603E71CD1188700B0FC43 /* Debug */,
				245603E81CD1188700B0FC43 /* Release */,
			);
			defaultConfigurationIsVisible = 0;
			defaultConfigurationName = Release;
		};
/* End XCConfigurationList section */

/* Begin XCVersionGroup section */
		245603CD1CD1188700B0FC43 /* ConPanion.xcdatamodeld */ = {
			isa = XCVersionGroup;
			children = (
				245603CE1CD1188700B0FC43 /* ConPanion.xcdatamodel */,
			);
			currentVersion = 245603CE1CD1188700B0FC43 /* ConPanion.xcdatamodel */;
			path = ConPanion.xcdatamodeld;
			sourceTree = "<group>";
			versionGroupType = wrapper.xcdatamodel;
		};
/* End XCVersionGroup section */
	};
	rootObject = 245603BB1CD1188700B0FC43 /* Project object */;
}
